
Microsoft Visual Studio Solution File, Format Version 12.00
# Visual Studio Version 17
VisualStudioVersion = 17.0.31903.59
MinimumVisualStudioVersion = 10.0.40219.1
Project("{FAE04EC0-301F-11D3-BF4B-00C04F79EFBC}") = "PlayerManagerMVC", "PlayerManagerMVC\PlayerManagerMVC.csproj", "{AD7B1D4D-0879-44D6-8DEC-2C9C7DA03C59}"
EndProject
Project("{FAE04EC0-301F-11D3-BF4B-00C04F79EFBC}") = "GuessTheNumber", "GuessTheNumber\GuessTheNumber.csproj", "{2A7C2B4E-74ED-44C0-A1E9-5DA8DA617E28}"
EndProject
Global
	GlobalSection(SolutionConfigurationPlatforms) = preSolution
		Debug|Any CPU = Debug|Any CPU
		Release|Any CPU = Release|Any CPU
	EndGlobalSection
	GlobalSection(SolutionProperties) = preSolution
		HideSolutionNode = FALSE
	EndGlobalSection
	GlobalSection(ProjectConfigurationPlatforms) = postSolution
		{9CA3DE95-13EF-4147-A845-4BD5124C5FD0}.Debug|Any CPU.ActiveCfg = Debug|Any CPU
		{9CA3DE95-13EF-4147-A845-4BD5124C5FD0}.Debug|Any CPU.Build.0 = Debug|Any CPU
		{9CA3DE95-13EF-4147-A845-4BD5124C5FD0}.Release|Any CPU.ActiveCfg = Release|Any CPU
		{9CA3DE95-13EF-4147-A845-4BD5124C5FD0}.Release|Any CPU.Build.0 = Release|Any CPU
		{AD7B1D4D-0879-44D6-8DEC-2C9C7DA03C59}.Debug|Any CPU.ActiveCfg = Debug|Any CPU
		{AD7B1D4D-0879-44D6-8DEC-2C9C7DA03C59}.Debug|Any CPU.Build.0 = Debug|Any CPU
		{AD7B1D4D-0879-44D6-8DEC-2C9C7DA03C59}.Release|Any CPU.ActiveCfg = Release|Any CPU
		{AD7B1D4D-0879-44D6-8DEC-2C9C7DA03C59}.Release|Any CPU.Build.0 = Release|Any CPU
		{2A7C2B4E-74ED-44C0-A1E9-5DA8DA617E28}.Debug|Any CPU.ActiveCfg = Debug|Any CPU
		{2A7C2B4E-74ED-44C0-A1E9-5DA8DA617E28}.Debug|Any CPU.Build.0 = Debug|Any CPU
		{2A7C2B4E-74ED-44C0-A1E9-5DA8DA617E28}.Release|Any CPU.ActiveCfg = Release|Any CPU
		{2A7C2B4E-74ED-44C0-A1E9-5DA8DA617E28}.Release|Any CPU.Build.0 = Release|Any CPU
	EndGlobalSection
EndGlobal
